
Microsoft Visual Studio Solution File, Format Version 12.00
# Visual Studio 15
VisualStudioVersion = 15.0.27130.2036
MinimumVisualStudioVersion = 10.0.40219.1
Project("{FAE04EC0-301F-11D3-BF4B-00C04F79EFBC}") = "TWILIOVS2017", "TWILIOVS2017\TWILIOVS2017.csproj", "{80B11D1C-76E0-4815-838C-A01FE3113221}"
EndProject
Global
	GlobalSection(SolutionConfigurationPlatforms) = preSolution
		Debug|Any CPU = Debug|Any CPU
		Release|Any CPU = Release|Any CPU
	EndGlobalSection
	GlobalSection(ProjectConfigurationPlatforms) = postSolution
		{80B11D1C-76E0-4815-838C-A01FE3113221}.Debug|Any CPU.ActiveCfg = Debug|Any CPU
		{80B11D1C-76E0-4815-838C-A01FE3113221}.Debug|Any CPU.Build.0 = Debug|Any CPU
		{80B11D1C-76E0-4815-838C-A01FE3113221}.Release|Any CPU.ActiveCfg = Release|Any CPU
		{80B11D1C-76E0-4815-838C-A01FE3113221}.Release|Any CPU.Build.0 = Release|Any CPU
	EndGlobalSection
	GlobalSection(SolutionProperties) = preSolution
		HideSolutionNode = FALSE
	EndGlobalSection
	GlobalSection(ExtensibilityGlobals) = postSolution
		SolutionGuid = {E940AB48-CCB2-4210-A23D-4F48F3F28084}
	EndGlobalSection
EndGlobal
